
Microsoft Visual Studio Solution File, Format Version 12.00
# Visual Studio 2012
Project("{FAE04EC0-301F-11D3-BF4B-00C04F79EFBC}") = "UnityVS.TikiBeeGame.CSharp", "UnityVS.TikiBeeGame.CSharp.csproj", "{7A7F3D73-35D1-51C6-2373-2C3A0FA8A2A9}"
EndProject
Project("{FAE04EC0-301F-11D3-BF4B-00C04F79EFBC}") = "UnityVS.TikiBeeGame.CSharp.Editor", "UnityVS.TikiBeeGame.CSharp.Editor.csproj", "{49DE6BBF-7FD9-F0CD-3C83-DC960FE33DE5}"
EndProject
Global
	GlobalSection(SolutionConfigurationPlatforms) = preSolution
		Debug|Any CPU = Debug|Any CPU
		Release|Any CPU = Release|Any CPU
	EndGlobalSection
	GlobalSection(ProjectConfigurationPlatforms) = postSolution
		{7A7F3D73-35D1-51C6-2373-2C3A0FA8A2A9}.Debug|Any CPU.ActiveCfg = Debug|Any CPU
		{7A7F3D73-35D1-51C6-2373-2C3A0FA8A2A9}.Debug|Any CPU.Build.0 = Debug|Any CPU
		{7A7F3D73-35D1-51C6-2373-2C3A0FA8A2A9}.Release|Any CPU.ActiveCfg = Release|Any CPU
		{7A7F3D73-35D1-51C6-2373-2C3A0FA8A2A9}.Release|Any CPU.Build.0 = Release|Any CPU
		{49DE6BBF-7FD9-F0CD-3C83-DC960FE33DE5}.Debug|Any CPU.ActiveCfg = Debug|Any CPU
		{49DE6BBF-7FD9-F0CD-3C83-DC960FE33DE5}.Debug|Any CPU.Build.0 = Debug|Any CPU
		{49DE6BBF-7FD9-F0CD-3C83-DC960FE33DE5}.Release|Any CPU.ActiveCfg = Release|Any CPU
		{49DE6BBF-7FD9-F0CD-3C83-DC960FE33DE5}.Release|Any CPU.Build.0 = Release|Any CPU
	EndGlobalSection
	GlobalSection(SolutionProperties) = preSolution
		HideSolutionNode = FALSE
	EndGlobalSection
EndGlobal
